
Microsoft Visual Studio Solution File, Format Version 12.00
# Visual Studio 15
VisualStudioVersion = 15.0.28307.106
MinimumVisualStudioVersion = 10.0.40219.1
Project("{FAE04EC0-301F-11D3-BF4B-00C04F79EFBC}") = "WindowsFormsApp2", "WindowsFormsApp2\WindowsFormsApp2.csproj", "{666946AC-5097-4225-A252-C32309122D0B}"
EndProject
Global
	GlobalSection(SolutionConfigurationPlatforms) = preSolution
		Debug|Any CPU = Debug|Any CPU
		Release|Any CPU = Release|Any CPU
	EndGlobalSection
	GlobalSection(ProjectConfigurationPlatforms) = postSolution
		{666946AC-5097-4225-A252-C32309122D0B}.Debug|Any CPU.ActiveCfg = Debug|Any CPU
		{666946AC-5097-4225-A252-C32309122D0B}.Debug|Any CPU.Build.0 = Debug|Any CPU
		{666946AC-5097-4225-A252-C32309122D0B}.Release|Any CPU.ActiveCfg = Release|Any CPU
		{666946AC-5097-4225-A252-C32309122D0B}.Release|Any CPU.Build.0 = Release|Any CPU
	EndGlobalSection
	GlobalSection(SolutionProperties) = preSolution
		HideSolutionNode = FALSE
	EndGlobalSection
	GlobalSection(ExtensibilityGlobals) = postSolution
		SolutionGuid = {E2F0E738-E43A-4FF4-8F56-DD4E7F9573C9}
	EndGlobalSection
EndGlobal
