
Microsoft Visual Studio Solution File, Format Version 12.00
# Visual Studio Version 16
VisualStudioVersion = 16.0.29806.167
MinimumVisualStudioVersion = 10.0.40219.1
Project("{FAE04EC0-301F-11D3-BF4B-00C04F79EFBC}") = "Exes4", "Exes4\Exes4.csproj", "{EDE63B6E-051B-4F98-BD2A-5927E543BFF5}"
EndProject
Global
	GlobalSection(SolutionConfigurationPlatforms) = preSolution
		Debug|Any CPU = Debug|Any CPU
		Release|Any CPU = Release|Any CPU
	EndGlobalSection
	GlobalSection(ProjectConfigurationPlatforms) = postSolution
		{EDE63B6E-051B-4F98-BD2A-5927E543BFF5}.Debug|Any CPU.ActiveCfg = Debug|Any CPU
		{EDE63B6E-051B-4F98-BD2A-5927E543BFF5}.Debug|Any CPU.Build.0 = Debug|Any CPU
		{EDE63B6E-051B-4F98-BD2A-5927E543BFF5}.Release|Any CPU.ActiveCfg = Release|Any CPU
		{EDE63B6E-051B-4F98-BD2A-5927E543BFF5}.Release|Any CPU.Build.0 = Release|Any CPU
	EndGlobalSection
	GlobalSection(SolutionProperties) = preSolution
		HideSolutionNode = FALSE
	EndGlobalSection
	GlobalSection(ExtensibilityGlobals) = postSolution
		SolutionGuid = {1767322E-3FED-4941-9672-E5187CFFE324}
	EndGlobalSection
EndGlobal
