
Microsoft Visual Studio Solution File, Format Version 12.00
# Visual Studio Version 16
VisualStudioVersion = 16.0.29728.190
MinimumVisualStudioVersion = 10.0.40219.1
Project("{FAE04EC0-301F-11D3-BF4B-00C04F79EFBC}") = "Lab6_WinGrafSinLine", "lab6\Lab6_WinGrafSinLine\Lab6_WinGrafSinLine.csproj", "{B79379EA-A7F9-4F34-B0FD-ABEB3B67B8D7}"
EndProject
Project("{FAE04EC0-301F-11D3-BF4B-00C04F79EFBC}") = "lab6_Balls", "lab6\lab6_Balls\lab6_Balls.csproj", "{54518FD4-E613-40C2-9108-5B637789C1F0}"
EndProject
Project("{FAE04EC0-301F-11D3-BF4B-00C04F79EFBC}") = "Lab6_WindowsFormsChart", "lab6\WindowsFormsChart\Lab6_WindowsFormsChart.csproj", "{1D8FE08F-23CB-473E-BDD1-2575AB2900DF}"
EndProject
Project("{FAE04EC0-301F-11D3-BF4B-00C04F79EFBC}") = "lab7_WinBackgroundWorker", "lab7\lab7_WinBackgroundWorker\lab7_WinBackgroundWorker.csproj", "{6573E1E2-B3F9-4D0D-A367-3B94E498EE7E}"
EndProject
Project("{FAE04EC0-301F-11D3-BF4B-00C04F79EFBC}") = "lab7_WinAsynchDelegate", "lab7\lab7_WinAsynchDelegate\lab7_WinAsynchDelegate.csproj", "{7C8076E5-E265-41CD-9E7B-B3F69C45D698}"
EndProject
Project("{FAE04EC0-301F-11D3-BF4B-00C04F79EFBC}") = "lab7_WinAsynchMethod", "lab7\lab7_WinAsynchMethod\lab7_WinAsynchMethod.csproj", "{50548EF8-04A0-4A83-AA73-446BAC07D640}"
EndProject
Project("{FAE04EC0-301F-11D3-BF4B-00C04F79EFBC}") = "lab7_EratosfenAlg", "lab7\lab7_EratosfenAlg\lab7_EratosfenAlg.csproj", "{371B15F7-6FBE-4752-B5D9-91E0787A8353}"
EndProject
Project("{FAE04EC0-301F-11D3-BF4B-00C04F79EFBC}") = "Lab4_EditPerson", "lab4\Lab4_EditPerson\EditPerson\Lab4_EditPerson.csproj", "{6465548F-5986-4070-B657-70E904C1B4BE}"
EndProject
Project("{FAE04EC0-301F-11D3-BF4B-00C04F79EFBC}") = "Lab4_TestStandartDialog", "lab4\Lab4_TestStandartDialog\TestStandartDialog\Lab4_TestStandartDialog.csproj", "{7E090879-052A-493A-892E-6C814023F034}"
EndProject
Project("{FAE04EC0-301F-11D3-BF4B-00C04F79EFBC}") = "Lab4_WindowsForm", "lab4\Lab4_WindowsForm\WindowsForm\Lab4_WindowsForm.csproj", "{348999CA-1ED9-4ECA-9569-0E9F413AD31E}"
EndProject
Project("{FAE04EC0-301F-11D3-BF4B-00C04F79EFBC}") = "Lab4_WindowsFormsEx5", "lab4\Lab4_WindowsFormsEx5\WindowsFormsLab4Ex5\Lab4_WindowsFormsEx5.csproj", "{D38C6A26-F1C2-4E37-91BD-A31E67B9B75B}"
EndProject
Project("{FAE04EC0-301F-11D3-BF4B-00C04F79EFBC}") = "Lab5_PDFReader", "lab5\Lab5_PDFReader\PDFReader\Lab5_PDFReader.csproj", "{3A2AD8F1-9AAE-43B8-A775-C6462AAEA19D}"
EndProject
Project("{FAE04EC0-301F-11D3-BF4B-00C04F79EFBC}") = "Lab5_WinAnim", "lab5\Lab5_WinAnim\WinAnim\Lab5_WinAnim.csproj", "{772A858E-3746-4758-9D15-1BCCCFD42ABE}"
EndProject
Project("{FAE04EC0-301F-11D3-BF4B-00C04F79EFBC}") = "Lab5_WindowsForm", "lab5\Lab5_WindowsForm\WindowsForm\Lab5_WindowsForm.csproj", "{6C3F28A2-9D8F-4496-AEF8-86703A377235}"
EndProject
Project("{FAE04EC0-301F-11D3-BF4B-00C04F79EFBC}") = "Lab5_WindowsForms", "lab5\Lab5_WindowsForms\WindowsForms\Lab5_WindowsForms.csproj", "{D4238679-B89E-4889-9038-2E93B9414F8F}"
EndProject
Global
	GlobalSection(SolutionConfigurationPlatforms) = preSolution
		Debug|Any CPU = Debug|Any CPU
		Release|Any CPU = Release|Any CPU
	EndGlobalSection
	GlobalSection(ProjectConfigurationPlatforms) = postSolution
		{B79379EA-A7F9-4F34-B0FD-ABEB3B67B8D7}.Debug|Any CPU.ActiveCfg = Debug|Any CPU
		{B79379EA-A7F9-4F34-B0FD-ABEB3B67B8D7}.Debug|Any CPU.Build.0 = Debug|Any CPU
		{B79379EA-A7F9-4F34-B0FD-ABEB3B67B8D7}.Release|Any CPU.ActiveCfg = Release|Any CPU
		{B79379EA-A7F9-4F34-B0FD-ABEB3B67B8D7}.Release|Any CPU.Build.0 = Release|Any CPU
		{54518FD4-E613-40C2-9108-5B637789C1F0}.Debug|Any CPU.ActiveCfg = Debug|Any CPU
		{54518FD4-E613-40C2-9108-5B637789C1F0}.Debug|Any CPU.Build.0 = Debug|Any CPU
		{54518FD4-E613-40C2-9108-5B637789C1F0}.Release|Any CPU.ActiveCfg = Release|Any CPU
		{54518FD4-E613-40C2-9108-5B637789C1F0}.Release|Any CPU.Build.0 = Release|Any CPU
		{1D8FE08F-23CB-473E-BDD1-2575AB2900DF}.Debug|Any CPU.ActiveCfg = Debug|Any CPU
		{1D8FE08F-23CB-473E-BDD1-2575AB2900DF}.Debug|Any CPU.Build.0 = Debug|Any CPU
		{1D8FE08F-23CB-473E-BDD1-2575AB2900DF}.Release|Any CPU.ActiveCfg = Release|Any CPU
		{1D8FE08F-23CB-473E-BDD1-2575AB2900DF}.Release|Any CPU.Build.0 = Release|Any CPU
		{6573E1E2-B3F9-4D0D-A367-3B94E498EE7E}.Debug|Any CPU.ActiveCfg = Debug|Any CPU
		{6573E1E2-B3F9-4D0D-A367-3B94E498EE7E}.Debug|Any CPU.Build.0 = Debug|Any CPU
		{6573E1E2-B3F9-4D0D-A367-3B94E498EE7E}.Release|Any CPU.ActiveCfg = Release|Any CPU
		{6573E1E2-B3F9-4D0D-A367-3B94E498EE7E}.Release|Any CPU.Build.0 = Release|Any CPU
		{7C8076E5-E265-41CD-9E7B-B3F69C45D698}.Debug|Any CPU.ActiveCfg = Debug|Any CPU
		{7C8076E5-E265-41CD-9E7B-B3F69C45D698}.Debug|Any CPU.Build.0 = Debug|Any CPU
		{7C8076E5-E265-41CD-9E7B-B3F69C45D698}.Release|Any CPU.ActiveCfg = Release|Any CPU
		{7C8076E5-E265-41CD-9E7B-B3F69C45D698}.Release|Any CPU.Build.0 = Release|Any CPU
		{50548EF8-04A0-4A83-AA73-446BAC07D640}.Debug|Any CPU.ActiveCfg = Debug|Any CPU
		{50548EF8-04A0-4A83-AA73-446BAC07D640}.Debug|Any CPU.Build.0 = Debug|Any CPU
		{50548EF8-04A0-4A83-AA73-446BAC07D640}.Release|Any CPU.ActiveCfg = Release|Any CPU
		{50548EF8-04A0-4A83-AA73-446BAC07D640}.Release|Any CPU.Build.0 = Release|Any CPU
		{371B15F7-6FBE-4752-B5D9-91E0787A8353}.Debug|Any CPU.ActiveCfg = Debug|Any CPU
		{371B15F7-6FBE-4752-B5D9-91E0787A8353}.Debug|Any CPU.Build.0 = Debug|Any CPU
		{371B15F7-6FBE-4752-B5D9-91E0787A8353}.Release|Any CPU.ActiveCfg = Release|Any CPU
		{371B15F7-6FBE-4752-B5D9-91E0787A8353}.Release|Any CPU.Build.0 = Release|Any CPU
		{6465548F-5986-4070-B657-70E904C1B4BE}.Debug|Any CPU.ActiveCfg = Debug|Any CPU
		{6465548F-5986-4070-B657-70E904C1B4BE}.Debug|Any CPU.Build.0 = Debug|Any CPU
		{6465548F-5986-4070-B657-70E904C1B4BE}.Release|Any CPU.ActiveCfg = Release|Any CPU
		{6465548F-5986-4070-B657-70E904C1B4BE}.Release|Any CPU.Build.0 = Release|Any CPU
		{7E090879-052A-493A-892E-6C814023F034}.Debug|Any CPU.ActiveCfg = Debug|Any CPU
		{7E090879-052A-493A-892E-6C814023F034}.Debug|Any CPU.Build.0 = Debug|Any CPU
		{7E090879-052A-493A-892E-6C814023F034}.Release|Any CPU.ActiveCfg = Release|Any CPU
		{7E090879-052A-493A-892E-6C814023F034}.Release|Any CPU.Build.0 = Release|Any CPU
		{348999CA-1ED9-4ECA-9569-0E9F413AD31E}.Debug|Any CPU.ActiveCfg = Debug|Any CPU
		{348999CA-1ED9-4ECA-9569-0E9F413AD31E}.Debug|Any CPU.Build.0 = Debug|Any CPU
		{348999CA-1ED9-4ECA-9569-0E9F413AD31E}.Release|Any CPU.ActiveCfg = Release|Any CPU
		{348999CA-1ED9-4ECA-9569-0E9F413AD31E}.Release|Any CPU.Build.0 = Release|Any CPU
		{D38C6A26-F1C2-4E37-91BD-A31E67B9B75B}.Debug|Any CPU.ActiveCfg = Debug|Any CPU
		{D38C6A26-F1C2-4E37-91BD-A31E67B9B75B}.Debug|Any CPU.Build.0 = Debug|Any CPU
		{D38C6A26-F1C2-4E37-91BD-A31E67B9B75B}.Release|Any CPU.ActiveCfg = Release|Any CPU
		{D38C6A26-F1C2-4E37-91BD-A31E67B9B75B}.Release|Any CPU.Build.0 = Release|Any CPU
		{3A2AD8F1-9AAE-43B8-A775-C6462AAEA19D}.Debug|Any CPU.ActiveCfg = Debug|Any CPU
		{3A2AD8F1-9AAE-43B8-A775-C6462AAEA19D}.Debug|Any CPU.Build.0 = Debug|Any CPU
		{3A2AD8F1-9AAE-43B8-A775-C6462AAEA19D}.Release|Any CPU.ActiveCfg = Release|Any CPU
		{3A2AD8F1-9AAE-43B8-A775-C6462AAEA19D}.Release|Any CPU.Build.0 = Release|Any CPU
		{772A858E-3746-4758-9D15-1BCCCFD42ABE}.Debug|Any CPU.ActiveCfg = Debug|Any CPU
		{772A858E-3746-4758-9D15-1BCCCFD42ABE}.Debug|Any CPU.Build.0 = Debug|Any CPU
		{772A858E-3746-4758-9D15-1BCCCFD42ABE}.Release|Any CPU.ActiveCfg = Release|Any CPU
		{772A858E-3746-4758-9D15-1BCCCFD42ABE}.Release|Any CPU.Build.0 = Release|Any CPU
		{6C3F28A2-9D8F-4496-AEF8-86703A377235}.Debug|Any CPU.ActiveCfg = Debug|Any CPU
		{6C3F28A2-9D8F-4496-AEF8-86703A377235}.Debug|Any CPU.Build.0 = Debug|Any CPU
		{6C3F28A2-9D8F-4496-AEF8-86703A377235}.Release|Any CPU.ActiveCfg = Release|Any CPU
		{6C3F28A2-9D8F-4496-AEF8-86703A377235}.Release|Any CPU.Build.0 = Release|Any CPU
		{D4238679-B89E-4889-9038-2E93B9414F8F}.Debug|Any CPU.ActiveCfg = Debug|Any CPU
		{D4238679-B89E-4889-9038-2E93B9414F8F}.Debug|Any CPU.Build.0 = Debug|Any CPU
		{D4238679-B89E-4889-9038-2E93B9414F8F}.Release|Any CPU.ActiveCfg = Release|Any CPU
		{D4238679-B89E-4889-9038-2E93B9414F8F}.Release|Any CPU.Build.0 = Release|Any CPU
	EndGlobalSection
	GlobalSection(SolutionProperties) = preSolution
		HideSolutionNode = FALSE
	EndGlobalSection
	GlobalSection(ExtensibilityGlobals) = postSolution
		SolutionGuid = {482B44F5-B7E0-44E2-9410-9B12747F7818}
	EndGlobalSection
EndGlobal
