
Microsoft Visual Studio Solution File, Format Version 12.00
# Visual Studio Version 16
VisualStudioVersion = 16.0.29728.190
MinimumVisualStudioVersion = 10.0.40219.1
Project("{FAE04EC0-301F-11D3-BF4B-00C04F79EFBC}") = "Lab6_WinGrafSinLine", "lab6\Lab6_WinGrafSinLine\Lab6_WinGrafSinLine.csproj", "{B79379EA-A7F9-4F34-B0FD-ABEB3B67B8D7}"
EndProject
Project("{FAE04EC0-301F-11D3-BF4B-00C04F79EFBC}") = "lab6_Balls", "lab6\lab6_Balls\lab6_Balls.csproj", "{54518FD4-E613-40C2-9108-5B637789C1F0}"
EndProject
Project("{FAE04EC0-301F-11D3-BF4B-00C04F79EFBC}") = "Lab6_WindowsFormsChart", "lab6\WindowsFormsChart\Lab6_WindowsFormsChart.csproj", "{1D8FE08F-23CB-473E-BDD1-2575AB2900DF}"
EndProject
Project("{FAE04EC0-301F-11D3-BF4B-00C04F79EFBC}") = "lab7_WinBackgroundWorker", "lab7\lab7_WinBackgroundWorker\lab7_WinBackgroundWorker.csproj", "{6573E1E2-B3F9-4D0D-A367-3B94E498EE7E}"
EndProject
Project("{FAE04EC0-301F-11D3-BF4B-00C04F79EFBC}") = "lab7_WinAsynchDelegate", "lab7\lab7_WinAsynchDelegate\lab7_WinAsynchDelegate.csproj", "{7C8076E5-E265-41CD-9E7B-B3F69C45D698}"
EndProject
Project("{FAE04EC0-301F-11D3-BF4B-00C04F79EFBC}") = "lab7_WinAsynchMethod", "lab7\lab7_WinAsynchMethod\lab7_WinAsynchMethod.csproj", "{50548EF8-04A0-4A83-AA73-446BAC07D640}"
EndProject
Project("{FAE04EC0-301F-11D3-BF4B-00C04F79EFBC}") = "lab7_EratosfenAlg", "lab7\lab7_EratosfenAlg\lab7_EratosfenAlg.csproj", "{371B15F7-6FBE-4752-B5D9-91E0787A8353}"
EndProject
Project("{FAE04EC0-301F-11D3-BF4B-00C04F79EFBC}") = "Lab4_EditPerson", "lab4\Lab4_EditPerson\EditPerson\Lab4_EditPerson.csproj", "{6465548F-5986-4070-B657-70E904C1B4BE}"
EndProject
Project("{FAE04EC0-301F-11D3-BF4B-00C04F79EFBC}") = "Lab4_TestStandartDialog", "lab4\Lab4_TestStandartDialog\TestStandartDialog\Lab4_TestStandartDialog.csproj", "{7E090879-052A-493A-892E-6C814023F034}"
EndProject
Project("{FAE04EC0-301F-11D3-BF4B-00C04F79EFBC}") = "Lab4_WindowsForm", "lab4\Lab4_WindowsForm\WindowsForm\Lab4_WindowsForm.csproj", "{348999CA-1ED9-4ECA-9569-0E9F413AD31E}"
EndProject
Project("{FAE04EC0-301F-11D3-BF4B-00C04F79EFBC}") = "Lab4_WindowsFormsEx5", "lab4\Lab4_WindowsFormsEx5\WindowsFormsLab4Ex5\Lab4_WindowsFormsEx5.csproj", "{D38C6A26-F1C2-4E37-91BD-A31E67B9B75B}"
EndProject
Project("{FAE04EC0-301F-11D3-BF4B-00C04F79EFBC}") = "Lab5_PDFReader", "lab5\Lab5_PDFReader\PDFReader\Lab5_PDFReader.csproj", "{3A2AD8F1-9AAE-43B8-A775-C6462AAEA19D}"
EndProject
Project("{FAE04EC0-301F-11D3-BF4B-00C04F79EFBC}") = "Lab5_WinAnim", "lab5\Lab5_WinAnim\WinAnim\Lab5_WinAnim.csproj", "{772A858E-3746-4758-9D15-1BCCCFD42ABE}"
EndProject
Project("{FAE04EC0-301F-11D3-BF4B-00C04F79EFBC}") = "Lab5_WindowsForm", "lab5\Lab5_WindowsForm\WindowsForm\Lab5_WindowsForm.csproj", "{6C3F28A2-9D8F-4496-AEF8-86703A377235}"
EndProject
Project("{FAE04EC0-301F-11D3-BF4B-00C04F79EFBC}") = "Lab5_WindowsForms", "lab5\Lab5_WindowsForms\WindowsForms\Lab5_WindowsForms.csproj", "{D4238679-B89E-4889-9038-2E93B9414F8F}"
EndProject
Project("{FAE04EC0-301F-11D3-BF4B-00C04F79EFBC}") = "Lab8_UsabilityDemo", "StartProjects\Starter_2008\Lab8_UsabilityDemo.csproj", "{C62052D3-038F-43DD-AC24-635210D16253}"
EndProject
Project("{FAE04EC0-301F-11D3-BF4B-00C04F79EFBC}") = "Lab8_WinLanguage", "lab8\WinLanguage\Lab8_WinLanguage.csproj", "{BB7DF76D-9D16-4EA5-90AF-C72D5BE00EDA}"
EndProject
Project("{FAE04EC0-301F-11D3-BF4B-00C04F79EFBC}") = "Lab8_EditPerson", "lab8\EditPerson\Lab8_EditPerson.csproj", "{7A2D5DC7-6655-4A32-9FE9-48CD483B182E}"
EndProject
Project("{FAE04EC0-301F-11D3-BF4B-00C04F79EFBC}") = "lab8_WinAsynchMethod(from-7)", "lab8\lab7_WinAsynchMethod\lab8_WinAsynchMethod(from-7).csproj", "{74BC0812-D2EC-4320-9C49-020EE440B3DA}"
EndProject
Project("{FAE04EC0-301F-11D3-BF4B-00C04F79EFBC}") = "Lab9_1_WindowsCalculator", "lab9\Mod09_01\Starter\Lab9_1_WindowsCalculator.csproj", "{A2FD2DF4-4FE9-491F-960B-4BFB55A6632F}"
EndProject
Project("{FAE04EC0-301F-11D3-BF4B-00C04F79EFBC}") = "Lab9_2_WindowsCalculator", "lab9\Mod09_02\Starter\Lab9_2_WindowsCalculator.csproj", "{A56A1E3B-6D07-4CC3-88E2-A4ACFA280740}"
EndProject
Project("{FAE04EC0-301F-11D3-BF4B-00C04F79EFBC}") = "Lab9_3_WindowsCalculator", "lab9\Mod09_03\Starter\Lab9_3_WindowsCalculator.csproj", "{70E4D6D2-528C-4390-84BD-E5AD5A01550E}"
EndProject
Project("{FAE04EC0-301F-11D3-BF4B-00C04F79EFBC}") = "Lab1_MdiApplication", "lab1\MdiApplication\MdiApplication\Lab1_MdiApplication.csproj", "{A83B72E2-2FB1-4D9D-ABF5-80711FD2EF89}"
EndProject
Project("{FAE04EC0-301F-11D3-BF4B-00C04F79EFBC}") = "Lab1_TestList", "lab1\TestList\TestList\Lab1_TestList.csproj", "{B1F0C3D1-826E-4F25-945B-28DF1257A1A0}"
EndProject
Project("{FAE04EC0-301F-11D3-BF4B-00C04F79EFBC}") = "Lab1_WindowsFormsApp1", "lab1\WindowsFormsApp1\WindowsFormsApp1\Lab1_WindowsFormsApp1.csproj", "{ADE196DC-03B8-4E93-9ED6-9A1ACDCDE2E8}"
EndProject
Project("{FAE04EC0-301F-11D3-BF4B-00C04F79EFBC}") = "Lab1_WindowsFormsApp2", "lab1\WindowsFormsApp2\WindowsFormsApp2\Lab1_WindowsFormsApp2.csproj", "{666946AC-5097-4225-A252-C32309122D0B}"
EndProject
Project("{FAE04EC0-301F-11D3-BF4B-00C04F79EFBC}") = "Lab1_WindowsFormsLab1Ex5.1", "lab1\WindowsFormsLab1Ex5.1\WindowsFormsLab1Ex5.1\Lab1_WindowsFormsLab1Ex5.1.csproj", "{7A78C11F-34D7-47A9-BA60-E9DB351038EC}"
EndProject
Project("{FAE04EC0-301F-11D3-BF4B-00C04F79EFBC}") = "Lab1_WindowsFormsLab1Ex5.2", "lab1\WindowsFormsLab1Ex5.2\WindowsFormsLab1Ex5.2\Lab1_WindowsFormsLab1Ex5.2.csproj", "{CCCBDDB0-238E-4B68-8C9B-51C086FB22DC}"
EndProject
Project("{FAE04EC0-301F-11D3-BF4B-00C04F79EFBC}") = "Lab1_WindowsFormsLab1Ex5.3", "lab1\WindowsFormsLab1Ex5.3\WindowsFormsLab1Ex5.3\Lab1_WindowsFormsLab1Ex5.3.csproj", "{2491A352-C6B3-4C23-A38A-C855B694D554}"
EndProject
Project("{FAE04EC0-301F-11D3-BF4B-00C04F79EFBC}") = "Lab1_WinQuestion", "lab1\WinQuestion\WinQuestion\Lab1_WinQuestion.csproj", "{59EC17AE-67F2-42A8-B2E1-2B6F72B02676}"
EndProject
Project("{FAE04EC0-301F-11D3-BF4B-00C04F79EFBC}") = "Final_WindowsCalculator", "finalProj\Starter_Calc\Final_WindowsCalculator.csproj", "{843E15DD-464C-4B7A-8235-6F3E2E0DDC9E}"
EndProject
Project("{FAE04EC0-301F-11D3-BF4B-00C04F79EFBC}") = "Lab2_WinQuestion", "lab2\WinQuestion\WinQuestion\Lab2_WinQuestion.csproj", "{28BD8112-A242-442E-A3F0-68A64617D72B}"
EndProject
Project("{FAE04EC0-301F-11D3-BF4B-00C04F79EFBC}") = "Lab2_MdiApplication", "lab2\MdiApplication\MdiApplication\Lab2_MdiApplication.csproj", "{CFF04849-E51B-4F5B-929B-E74B7026F9DF}"
EndProject
Project("{FAE04EC0-301F-11D3-BF4B-00C04F79EFBC}") = "Lab2_WinContainer", "lab2\WinContainer\WinContainer\Lab2_WinContainer.csproj", "{30EBA59D-01A8-48B0-81D5-4D5796A43DED}"
EndProject
Project("{FAE04EC0-301F-11D3-BF4B-00C04F79EFBC}") = "Lab2_BiblWorm", "lab2\BiblWorm\BiblWorm\Lab2_BiblWorm.csproj", "{0B9A1947-2211-44A1-BBD5-4F3D4FB00DCB}"
EndProject
Project("{FAE04EC0-301F-11D3-BF4B-00C04F79EFBC}") = "Lab2_RegistrationForm", "lab2\RegistrationForm\RegistrationForm\Lab2_RegistrationForm.csproj", "{7E3C65F2-55EC-48A7-A637-8D08655C6C3C}"
EndProject
Project("{9A19103F-16F7-4668-BE54-9A1E7A4F7556}") = "UserControlTimer2_1", "lab2\UserControlTimer2_1\UserControlTimer2_1\UserControlTimer2_1.csproj", "{22773268-5F4F-4ECB-8C85-F609D6B3F57F}"
EndProject
Project("{FAE04EC0-301F-11D3-BF4B-00C04F79EFBC}") = "Lab3_WindowsFormsControlLibrary1", "lab2\WindowsFormsControlLibrary1\WindowsFormsControlLibrary1\Lab3_WindowsFormsControlLibrary1.csproj", "{D30DE94D-832C-4C4C-B250-D919DDE58E4D}"
EndProject
Project("{FAE04EC0-301F-11D3-BF4B-00C04F79EFBC}") = "WindowsFormsControlLibrary2", "lab2\WinTimer1\WindowsFormsControlLibrary2\WindowsFormsControlLibrary2.csproj", "{6364A0B7-6EB1-4824-A245-34C21DACD958}"
EndProject
Project("{FAE04EC0-301F-11D3-BF4B-00C04F79EFBC}") = "Lab3_Exes4", "lab3\Exes4\Exes4\Lab3_Exes4.csproj", "{EDE63B6E-051B-4F98-BD2A-5927E543BFF5}"
EndProject
Global
	GlobalSection(SolutionConfigurationPlatforms) = preSolution
		Debug|Any CPU = Debug|Any CPU
		Release|Any CPU = Release|Any CPU
	EndGlobalSection
	GlobalSection(ProjectConfigurationPlatforms) = postSolution
		{B79379EA-A7F9-4F34-B0FD-ABEB3B67B8D7}.Debug|Any CPU.ActiveCfg = Debug|Any CPU
		{B79379EA-A7F9-4F34-B0FD-ABEB3B67B8D7}.Debug|Any CPU.Build.0 = Debug|Any CPU
		{B79379EA-A7F9-4F34-B0FD-ABEB3B67B8D7}.Release|Any CPU.ActiveCfg = Release|Any CPU
		{B79379EA-A7F9-4F34-B0FD-ABEB3B67B8D7}.Release|Any CPU.Build.0 = Release|Any CPU
		{54518FD4-E613-40C2-9108-5B637789C1F0}.Debug|Any CPU.ActiveCfg = Debug|Any CPU
		{54518FD4-E613-40C2-9108-5B637789C1F0}.Debug|Any CPU.Build.0 = Debug|Any CPU
		{54518FD4-E613-40C2-9108-5B637789C1F0}.Release|Any CPU.ActiveCfg = Release|Any CPU
		{54518FD4-E613-40C2-9108-5B637789C1F0}.Release|Any CPU.Build.0 = Release|Any CPU
		{1D8FE08F-23CB-473E-BDD1-2575AB2900DF}.Debug|Any CPU.ActiveCfg = Debug|Any CPU
		{1D8FE08F-23CB-473E-BDD1-2575AB2900DF}.Debug|Any CPU.Build.0 = Debug|Any CPU
		{1D8FE08F-23CB-473E-BDD1-2575AB2900DF}.Release|Any CPU.ActiveCfg = Release|Any CPU
		{1D8FE08F-23CB-473E-BDD1-2575AB2900DF}.Release|Any CPU.Build.0 = Release|Any CPU
		{6573E1E2-B3F9-4D0D-A367-3B94E498EE7E}.Debug|Any CPU.ActiveCfg = Debug|Any CPU
		{6573E1E2-B3F9-4D0D-A367-3B94E498EE7E}.Debug|Any CPU.Build.0 = Debug|Any CPU
		{6573E1E2-B3F9-4D0D-A367-3B94E498EE7E}.Release|Any CPU.ActiveCfg = Release|Any CPU
		{6573E1E2-B3F9-4D0D-A367-3B94E498EE7E}.Release|Any CPU.Build.0 = Release|Any CPU
		{7C8076E5-E265-41CD-9E7B-B3F69C45D698}.Debug|Any CPU.ActiveCfg = Debug|Any CPU
		{7C8076E5-E265-41CD-9E7B-B3F69C45D698}.Debug|Any CPU.Build.0 = Debug|Any CPU
		{7C8076E5-E265-41CD-9E7B-B3F69C45D698}.Release|Any CPU.ActiveCfg = Release|Any CPU
		{7C8076E5-E265-41CD-9E7B-B3F69C45D698}.Release|Any CPU.Build.0 = Release|Any CPU
		{50548EF8-04A0-4A83-AA73-446BAC07D640}.Debug|Any CPU.ActiveCfg = Debug|Any CPU
		{50548EF8-04A0-4A83-AA73-446BAC07D640}.Debug|Any CPU.Build.0 = Debug|Any CPU
		{50548EF8-04A0-4A83-AA73-446BAC07D640}.Release|Any CPU.ActiveCfg = Release|Any CPU
		{50548EF8-04A0-4A83-AA73-446BAC07D640}.Release|Any CPU.Build.0 = Release|Any CPU
		{371B15F7-6FBE-4752-B5D9-91E0787A8353}.Debug|Any CPU.ActiveCfg = Debug|Any CPU
		{371B15F7-6FBE-4752-B5D9-91E0787A8353}.Debug|Any CPU.Build.0 = Debug|Any CPU
		{371B15F7-6FBE-4752-B5D9-91E0787A8353}.Release|Any CPU.ActiveCfg = Release|Any CPU
		{371B15F7-6FBE-4752-B5D9-91E0787A8353}.Release|Any CPU.Build.0 = Release|Any CPU
		{6465548F-5986-4070-B657-70E904C1B4BE}.Debug|Any CPU.ActiveCfg = Debug|Any CPU
		{6465548F-5986-4070-B657-70E904C1B4BE}.Debug|Any CPU.Build.0 = Debug|Any CPU
		{6465548F-5986-4070-B657-70E904C1B4BE}.Release|Any CPU.ActiveCfg = Release|Any CPU
		{6465548F-5986-4070-B657-70E904C1B4BE}.Release|Any CPU.Build.0 = Release|Any CPU
		{7E090879-052A-493A-892E-6C814023F034}.Debug|Any CPU.ActiveCfg = Debug|Any CPU
		{7E090879-052A-493A-892E-6C814023F034}.Debug|Any CPU.Build.0 = Debug|Any CPU
		{7E090879-052A-493A-892E-6C814023F034}.Release|Any CPU.ActiveCfg = Release|Any CPU
		{7E090879-052A-493A-892E-6C814023F034}.Release|Any CPU.Build.0 = Release|Any CPU
		{348999CA-1ED9-4ECA-9569-0E9F413AD31E}.Debug|Any CPU.ActiveCfg = Debug|Any CPU
		{348999CA-1ED9-4ECA-9569-0E9F413AD31E}.Debug|Any CPU.Build.0 = Debug|Any CPU
		{348999CA-1ED9-4ECA-9569-0E9F413AD31E}.Release|Any CPU.ActiveCfg = Release|Any CPU
		{348999CA-1ED9-4ECA-9569-0E9F413AD31E}.Release|Any CPU.Build.0 = Release|Any CPU
		{D38C6A26-F1C2-4E37-91BD-A31E67B9B75B}.Debug|Any CPU.ActiveCfg = Debug|Any CPU
		{D38C6A26-F1C2-4E37-91BD-A31E67B9B75B}.Debug|Any CPU.Build.0 = Debug|Any CPU
		{D38C6A26-F1C2-4E37-91BD-A31E67B9B75B}.Release|Any CPU.ActiveCfg = Release|Any CPU
		{D38C6A26-F1C2-4E37-91BD-A31E67B9B75B}.Release|Any CPU.Build.0 = Release|Any CPU
		{3A2AD8F1-9AAE-43B8-A775-C6462AAEA19D}.Debug|Any CPU.ActiveCfg = Debug|Any CPU
		{3A2AD8F1-9AAE-43B8-A775-C6462AAEA19D}.Debug|Any CPU.Build.0 = Debug|Any CPU
		{3A2AD8F1-9AAE-43B8-A775-C6462AAEA19D}.Release|Any CPU.ActiveCfg = Release|Any CPU
		{3A2AD8F1-9AAE-43B8-A775-C6462AAEA19D}.Release|Any CPU.Build.0 = Release|Any CPU
		{772A858E-3746-4758-9D15-1BCCCFD42ABE}.Debug|Any CPU.ActiveCfg = Debug|Any CPU
		{772A858E-3746-4758-9D15-1BCCCFD42ABE}.Debug|Any CPU.Build.0 = Debug|Any CPU
		{772A858E-3746-4758-9D15-1BCCCFD42ABE}.Release|Any CPU.ActiveCfg = Release|Any CPU
		{772A858E-3746-4758-9D15-1BCCCFD42ABE}.Release|Any CPU.Build.0 = Release|Any CPU
		{6C3F28A2-9D8F-4496-AEF8-86703A377235}.Debug|Any CPU.ActiveCfg = Debug|Any CPU
		{6C3F28A2-9D8F-4496-AEF8-86703A377235}.Debug|Any CPU.Build.0 = Debug|Any CPU
		{6C3F28A2-9D8F-4496-AEF8-86703A377235}.Release|Any CPU.ActiveCfg = Release|Any CPU
		{6C3F28A2-9D8F-4496-AEF8-86703A377235}.Release|Any CPU.Build.0 = Release|Any CPU
		{D4238679-B89E-4889-9038-2E93B9414F8F}.Debug|Any CPU.ActiveCfg = Debug|Any CPU
		{D4238679-B89E-4889-9038-2E93B9414F8F}.Debug|Any CPU.Build.0 = Debug|Any CPU
		{D4238679-B89E-4889-9038-2E93B9414F8F}.Release|Any CPU.ActiveCfg = Release|Any CPU
		{D4238679-B89E-4889-9038-2E93B9414F8F}.Release|Any CPU.Build.0 = Release|Any CPU
		{C62052D3-038F-43DD-AC24-635210D16253}.Debug|Any CPU.ActiveCfg = Debug|Any CPU
		{C62052D3-038F-43DD-AC24-635210D16253}.Debug|Any CPU.Build.0 = Debug|Any CPU
		{C62052D3-038F-43DD-AC24-635210D16253}.Release|Any CPU.ActiveCfg = Release|Any CPU
		{C62052D3-038F-43DD-AC24-635210D16253}.Release|Any CPU.Build.0 = Release|Any CPU
		{BB7DF76D-9D16-4EA5-90AF-C72D5BE00EDA}.Debug|Any CPU.ActiveCfg = Debug|Any CPU
		{BB7DF76D-9D16-4EA5-90AF-C72D5BE00EDA}.Debug|Any CPU.Build.0 = Debug|Any CPU
		{BB7DF76D-9D16-4EA5-90AF-C72D5BE00EDA}.Release|Any CPU.ActiveCfg = Release|Any CPU
		{BB7DF76D-9D16-4EA5-90AF-C72D5BE00EDA}.Release|Any CPU.Build.0 = Release|Any CPU
		{7A2D5DC7-6655-4A32-9FE9-48CD483B182E}.Debug|Any CPU.ActiveCfg = Debug|Any CPU
		{7A2D5DC7-6655-4A32-9FE9-48CD483B182E}.Debug|Any CPU.Build.0 = Debug|Any CPU
		{7A2D5DC7-6655-4A32-9FE9-48CD483B182E}.Release|Any CPU.ActiveCfg = Release|Any CPU
		{7A2D5DC7-6655-4A32-9FE9-48CD483B182E}.Release|Any CPU.Build.0 = Release|Any CPU
		{74BC0812-D2EC-4320-9C49-020EE440B3DA}.Debug|Any CPU.ActiveCfg = Debug|Any CPU
		{74BC0812-D2EC-4320-9C49-020EE440B3DA}.Debug|Any CPU.Build.0 = Debug|Any CPU
		{74BC0812-D2EC-4320-9C49-020EE440B3DA}.Release|Any CPU.ActiveCfg = Release|Any CPU
		{74BC0812-D2EC-4320-9C49-020EE440B3DA}.Release|Any CPU.Build.0 = Release|Any CPU
		{A2FD2DF4-4FE9-491F-960B-4BFB55A6632F}.Debug|Any CPU.ActiveCfg = Debug|Any CPU
		{A2FD2DF4-4FE9-491F-960B-4BFB55A6632F}.Debug|Any CPU.Build.0 = Debug|Any CPU
		{A2FD2DF4-4FE9-491F-960B-4BFB55A6632F}.Release|Any CPU.ActiveCfg = Release|Any CPU
		{A2FD2DF4-4FE9-491F-960B-4BFB55A6632F}.Release|Any CPU.Build.0 = Release|Any CPU
		{A56A1E3B-6D07-4CC3-88E2-A4ACFA280740}.Debug|Any CPU.ActiveCfg = Debug|Any CPU
		{A56A1E3B-6D07-4CC3-88E2-A4ACFA280740}.Debug|Any CPU.Build.0 = Debug|Any CPU
		{A56A1E3B-6D07-4CC3-88E2-A4ACFA280740}.Release|Any CPU.ActiveCfg = Release|Any CPU
		{A56A1E3B-6D07-4CC3-88E2-A4ACFA280740}.Release|Any CPU.Build.0 = Release|Any CPU
		{70E4D6D2-528C-4390-84BD-E5AD5A01550E}.Debug|Any CPU.ActiveCfg = Debug|Any CPU
		{70E4D6D2-528C-4390-84BD-E5AD5A01550E}.Debug|Any CPU.Build.0 = Debug|Any CPU
		{70E4D6D2-528C-4390-84BD-E5AD5A01550E}.Release|Any CPU.ActiveCfg = Release|Any CPU
		{70E4D6D2-528C-4390-84BD-E5AD5A01550E}.Release|Any CPU.Build.0 = Release|Any CPU
		{A83B72E2-2FB1-4D9D-ABF5-80711FD2EF89}.Debug|Any CPU.ActiveCfg = Debug|Any CPU
		{A83B72E2-2FB1-4D9D-ABF5-80711FD2EF89}.Debug|Any CPU.Build.0 = Debug|Any CPU
		{A83B72E2-2FB1-4D9D-ABF5-80711FD2EF89}.Release|Any CPU.ActiveCfg = Release|Any CPU
		{A83B72E2-2FB1-4D9D-ABF5-80711FD2EF89}.Release|Any CPU.Build.0 = Release|Any CPU
		{B1F0C3D1-826E-4F25-945B-28DF1257A1A0}.Debug|Any CPU.ActiveCfg = Debug|Any CPU
		{B1F0C3D1-826E-4F25-945B-28DF1257A1A0}.Debug|Any CPU.Build.0 = Debug|Any CPU
		{B1F0C3D1-826E-4F25-945B-28DF1257A1A0}.Release|Any CPU.ActiveCfg = Release|Any CPU
		{B1F0C3D1-826E-4F25-945B-28DF1257A1A0}.Release|Any CPU.Build.0 = Release|Any CPU
		{ADE196DC-03B8-4E93-9ED6-9A1ACDCDE2E8}.Debug|Any CPU.ActiveCfg = Debug|Any CPU
		{ADE196DC-03B8-4E93-9ED6-9A1ACDCDE2E8}.Debug|Any CPU.Build.0 = Debug|Any CPU
		{ADE196DC-03B8-4E93-9ED6-9A1ACDCDE2E8}.Release|Any CPU.ActiveCfg = Release|Any CPU
		{ADE196DC-03B8-4E93-9ED6-9A1ACDCDE2E8}.Release|Any CPU.Build.0 = Release|Any CPU
		{666946AC-5097-4225-A252-C32309122D0B}.Debug|Any CPU.ActiveCfg = Debug|Any CPU
		{666946AC-5097-4225-A252-C32309122D0B}.Debug|Any CPU.Build.0 = Debug|Any CPU
		{666946AC-5097-4225-A252-C32309122D0B}.Release|Any CPU.ActiveCfg = Release|Any CPU
		{666946AC-5097-4225-A252-C32309122D0B}.Release|Any CPU.Build.0 = Release|Any CPU
		{7A78C11F-34D7-47A9-BA60-E9DB351038EC}.Debug|Any CPU.ActiveCfg = Debug|Any CPU
		{7A78C11F-34D7-47A9-BA60-E9DB351038EC}.Debug|Any CPU.Build.0 = Debug|Any CPU
		{7A78C11F-34D7-47A9-BA60-E9DB351038EC}.Release|Any CPU.ActiveCfg = Release|Any CPU
		{7A78C11F-34D7-47A9-BA60-E9DB351038EC}.Release|Any CPU.Build.0 = Release|Any CPU
		{CCCBDDB0-238E-4B68-8C9B-51C086FB22DC}.Debug|Any CPU.ActiveCfg = Debug|Any CPU
		{CCCBDDB0-238E-4B68-8C9B-51C086FB22DC}.Debug|Any CPU.Build.0 = Debug|Any CPU
		{CCCBDDB0-238E-4B68-8C9B-51C086FB22DC}.Release|Any CPU.ActiveCfg = Release|Any CPU
		{CCCBDDB0-238E-4B68-8C9B-51C086FB22DC}.Release|Any CPU.Build.0 = Release|Any CPU
		{2491A352-C6B3-4C23-A38A-C855B694D554}.Debug|Any CPU.ActiveCfg = Debug|Any CPU
		{2491A352-C6B3-4C23-A38A-C855B694D554}.Debug|Any CPU.Build.0 = Debug|Any CPU
		{2491A352-C6B3-4C23-A38A-C855B694D554}.Release|Any CPU.ActiveCfg = Release|Any CPU
		{2491A352-C6B3-4C23-A38A-C855B694D554}.Release|Any CPU.Build.0 = Release|Any CPU
		{59EC17AE-67F2-42A8-B2E1-2B6F72B02676}.Debug|Any CPU.ActiveCfg = Debug|Any CPU
		{59EC17AE-67F2-42A8-B2E1-2B6F72B02676}.Debug|Any CPU.Build.0 = Debug|Any CPU
		{59EC17AE-67F2-42A8-B2E1-2B6F72B02676}.Release|Any CPU.ActiveCfg = Release|Any CPU
		{59EC17AE-67F2-42A8-B2E1-2B6F72B02676}.Release|Any CPU.Build.0 = Release|Any CPU
		{843E15DD-464C-4B7A-8235-6F3E2E0DDC9E}.Debug|Any CPU.ActiveCfg = Debug|Any CPU
		{843E15DD-464C-4B7A-8235-6F3E2E0DDC9E}.Debug|Any CPU.Build.0 = Debug|Any CPU
		{843E15DD-464C-4B7A-8235-6F3E2E0DDC9E}.Release|Any CPU.ActiveCfg = Release|Any CPU
		{843E15DD-464C-4B7A-8235-6F3E2E0DDC9E}.Release|Any CPU.Build.0 = Release|Any CPU
		{28BD8112-A242-442E-A3F0-68A64617D72B}.Debug|Any CPU.ActiveCfg = Debug|Any CPU
		{28BD8112-A242-442E-A3F0-68A64617D72B}.Debug|Any CPU.Build.0 = Debug|Any CPU
		{28BD8112-A242-442E-A3F0-68A64617D72B}.Release|Any CPU.ActiveCfg = Release|Any CPU
		{28BD8112-A242-442E-A3F0-68A64617D72B}.Release|Any CPU.Build.0 = Release|Any CPU
		{CFF04849-E51B-4F5B-929B-E74B7026F9DF}.Debug|Any CPU.ActiveCfg = Debug|Any CPU
		{CFF04849-E51B-4F5B-929B-E74B7026F9DF}.Debug|Any CPU.Build.0 = Debug|Any CPU
		{CFF04849-E51B-4F5B-929B-E74B7026F9DF}.Release|Any CPU.ActiveCfg = Release|Any CPU
		{CFF04849-E51B-4F5B-929B-E74B7026F9DF}.Release|Any CPU.Build.0 = Release|Any CPU
		{30EBA59D-01A8-48B0-81D5-4D5796A43DED}.Debug|Any CPU.ActiveCfg = Debug|Any CPU
		{30EBA59D-01A8-48B0-81D5-4D5796A43DED}.Debug|Any CPU.Build.0 = Debug|Any CPU
		{30EBA59D-01A8-48B0-81D5-4D5796A43DED}.Release|Any CPU.ActiveCfg = Release|Any CPU
		{30EBA59D-01A8-48B0-81D5-4D5796A43DED}.Release|Any CPU.Build.0 = Release|Any CPU
		{0B9A1947-2211-44A1-BBD5-4F3D4FB00DCB}.Debug|Any CPU.ActiveCfg = Debug|Any CPU
		{0B9A1947-2211-44A1-BBD5-4F3D4FB00DCB}.Debug|Any CPU.Build.0 = Debug|Any CPU
		{0B9A1947-2211-44A1-BBD5-4F3D4FB00DCB}.Release|Any CPU.ActiveCfg = Release|Any CPU
		{0B9A1947-2211-44A1-BBD5-4F3D4FB00DCB}.Release|Any CPU.Build.0 = Release|Any CPU
		{7E3C65F2-55EC-48A7-A637-8D08655C6C3C}.Debug|Any CPU.ActiveCfg = Debug|Any CPU
		{7E3C65F2-55EC-48A7-A637-8D08655C6C3C}.Debug|Any CPU.Build.0 = Debug|Any CPU
		{7E3C65F2-55EC-48A7-A637-8D08655C6C3C}.Release|Any CPU.ActiveCfg = Release|Any CPU
		{7E3C65F2-55EC-48A7-A637-8D08655C6C3C}.Release|Any CPU.Build.0 = Release|Any CPU
		{22773268-5F4F-4ECB-8C85-F609D6B3F57F}.Debug|Any CPU.ActiveCfg = Debug|Any CPU
		{22773268-5F4F-4ECB-8C85-F609D6B3F57F}.Debug|Any CPU.Build.0 = Debug|Any CPU
		{22773268-5F4F-4ECB-8C85-F609D6B3F57F}.Release|Any CPU.ActiveCfg = Release|Any CPU
		{22773268-5F4F-4ECB-8C85-F609D6B3F57F}.Release|Any CPU.Build.0 = Release|Any CPU
		{D30DE94D-832C-4C4C-B250-D919DDE58E4D}.Debug|Any CPU.ActiveCfg = Debug|Any CPU
		{D30DE94D-832C-4C4C-B250-D919DDE58E4D}.Debug|Any CPU.Build.0 = Debug|Any CPU
		{D30DE94D-832C-4C4C-B250-D919DDE58E4D}.Release|Any CPU.ActiveCfg = Release|Any CPU
		{D30DE94D-832C-4C4C-B250-D919DDE58E4D}.Release|Any CPU.Build.0 = Release|Any CPU
		{6364A0B7-6EB1-4824-A245-34C21DACD958}.Debug|Any CPU.ActiveCfg = Debug|Any CPU
		{6364A0B7-6EB1-4824-A245-34C21DACD958}.Debug|Any CPU.Build.0 = Debug|Any CPU
		{6364A0B7-6EB1-4824-A245-34C21DACD958}.Release|Any CPU.ActiveCfg = Release|Any CPU
		{6364A0B7-6EB1-4824-A245-34C21DACD958}.Release|Any CPU.Build.0 = Release|Any CPU
		{EDE63B6E-051B-4F98-BD2A-5927E543BFF5}.Debug|Any CPU.ActiveCfg = Debug|Any CPU
		{EDE63B6E-051B-4F98-BD2A-5927E543BFF5}.Debug|Any CPU.Build.0 = Debug|Any CPU
		{EDE63B6E-051B-4F98-BD2A-5927E543BFF5}.Release|Any CPU.ActiveCfg = Release|Any CPU
		{EDE63B6E-051B-4F98-BD2A-5927E543BFF5}.Release|Any CPU.Build.0 = Release|Any CPU
	EndGlobalSection
	GlobalSection(SolutionProperties) = preSolution
		HideSolutionNode = FALSE
	EndGlobalSection
	GlobalSection(ExtensibilityGlobals) = postSolution
		SolutionGuid = {482B44F5-B7E0-44E2-9410-9B12747F7818}
	EndGlobalSection
EndGlobal
